<?xml version="1.0" encoding="UTF-8" standalone="yes" ?>
<CodeBlocks_project_file>
	<FileVersion major="1" minor="6" />
	<Project>
		<Option title="Ejercicio_6" />
		<Option pch_mode="2" />
		<Option compiler="gcc" />
		<Build>
			<Target title="Debug">
				<Option output="bin/Debug/Ejercicio_6" prefix_auto="1" extension_auto="1" />
				<Option object_output="obj/Debug/" />
				<Option type="1" />
				<Option compiler="gcc" />
				<Compiler>
					<Add option="-g" />
					<Add directory="include" />
				</Compiler>
			</Target>
			<Target title="Release">
				<Option output="bin/Release/Ejercicio_6" prefix_auto="1" extension_auto="1" />
				<Option object_output="obj/Release/" />
				<Option type="1" />
				<Option compiler="gcc" />
				<Compiler>
					<Add option="-O2" />
					<Add directory="include" />
				</Compiler>
				<Linker>
					<Add option="-s" />
				</Linker>
			</Target>
		</Build>
		<Compiler>
			<Add option="-Wall" />
			<Add option="-fexceptions" />
		</Compiler>
		<Unit filename="include/Ave.h" />
		<Unit filename="include/Gallina.h" />
		<Unit filename="include/Ganso.h" />
		<Unit filename="include/Pato.h" />
		<Unit filename="main.cpp" />
		<Unit filename="src/Ave.cpp" />
		<Unit filename="src/Gallina.cpp" />
		<Unit filename="src/Ganso.cpp" />
		<Unit filename="src/Pato.cpp" />
		<Extensions />
	</Project>
</CodeBlocks_project_file>
